// !$*UTF8*$!
{
	archiveVersion = 1;
	classes = {
	};
	objectVersion = 46;
	objects = {

/* Begin PBXBuildFile section */
		274ED2D21B9A827000B279AC /* HomeViewController.swift in Sources */ = {isa = PBXBuildFile; fileRef = 274ED2D11B9A827000B279AC /* HomeViewController.swift */; };
		27A64B691B9AF71D002E90F8 /* FeedMeTabBarControllerViewController.swift in Sources */ = {isa = PBXBuildFile; fileRef = 27A64B681B9AF71D002E90F8 /* FeedMeTabBarControllerViewController.swift */; };
		27A64B6C1B9AF8C5002E90F8 /* rectangle.png in Resources */ = {isa = PBXBuildFile; fileRef = 27A64B6A1B9AF8C5002E90F8 /* rectangle.png */; };
		27A64B6D1B9AF8C5002E90F8 /* tinyfeedme.png in Resources */ = {isa = PBXBuildFile; fileRef = 27A64B6B1B9AF8C5002E90F8 /* tinyfeedme.png */; };
		27A64B6F1B9AFDC6002E90F8 /* NoIngredientsView.swift in Sources */ = {isa = PBXBuildFile; fileRef = 27A64B6E1B9AFDC6002E90F8 /* NoIngredientsView.swift */; };
		27A64B711B9AFDE3002E90F8 /* NoIngredientsView.xib in Resources */ = {isa = PBXBuildFile; fileRef = 27A64B701B9AFDE3002E90F8 /* NoIngredientsView.xib */; };
		27A64B731B9AFE0E002E90F8 /* RecipeView.swift in Sources */ = {isa = PBXBuildFile; fileRef = 27A64B721B9AFE0E002E90F8 /* RecipeView.swift */; };
		27A64B751B9AFE1C002E90F8 /* RecipeView.xib in Resources */ = {isa = PBXBuildFile; fileRef = 27A64B741B9AFE1C002E90F8 /* RecipeView.xib */; };
		27A64B7B1B9B0500002E90F8 /* Server.swift in Sources */ = {isa = PBXBuildFile; fileRef = 27A64B7A1B9B0500002E90F8 /* Server.swift */; };
		27A64B7D1B9B054A002E90F8 /* User.swift in Sources */ = {isa = PBXBuildFile; fileRef = 27A64B7C1B9B054A002E90F8 /* User.swift */; };
		27ADFFE11B9B3E73005691CA /* CapturePhotoViewController.swift in Sources */ = {isa = PBXBuildFile; fileRef = 27ADFFE01B9B3E73005691CA /* CapturePhotoViewController.swift */; };
		27ADFFE31B9B599D005691CA /* QuartzCore.framework in Frameworks */ = {isa = PBXBuildFile; fileRef = 27ADFFE21B9B599D005691CA /* QuartzCore.framework */; };
		27B934F21B9AA8A7004CDCB7 /* Food.swift in Sources */ = {isa = PBXBuildFile; fileRef = 27B934F11B9AA8A7004CDCB7 /* Food.swift */; };
		27B934F51B9AAA2D004CDCB7 /* Recipe.swift in Sources */ = {isa = PBXBuildFile; fileRef = 27B934F41B9AAA2D004CDCB7 /* Recipe.swift */; };
		27B934F71B9AB1D3004CDCB7 /* ImageProcessingViewController.swift in Sources */ = {isa = PBXBuildFile; fileRef = 27B934F61B9AB1D3004CDCB7 /* ImageProcessingViewController.swift */; };
		27B9FAC51B9A69DD00701AC6 /* AppDelegate.swift in Sources */ = {isa = PBXBuildFile; fileRef = 27B9FAC41B9A69DD00701AC6 /* AppDelegate.swift */; };
		27B9FAC81B9A69DD00701AC6 /* FeedMe.xcdatamodeld in Sources */ = {isa = PBXBuildFile; fileRef = 27B9FAC61B9A69DD00701AC6 /* FeedMe.xcdatamodeld */; };
		27B9FACD1B9A69DD00701AC6 /* Main.storyboard in Resources */ = {isa = PBXBuildFile; fileRef = 27B9FACB1B9A69DD00701AC6 /* Main.storyboard */; };
		27B9FAD21B9A69DD00701AC6 /* LaunchScreen.xib in Resources */ = {isa = PBXBuildFile; fileRef = 27B9FAD01B9A69DD00701AC6 /* LaunchScreen.xib */; };
		27B9FADE1B9A69DD00701AC6 /* FeedMeTests.swift in Sources */ = {isa = PBXBuildFile; fileRef = 27B9FADD1B9A69DD00701AC6 /* FeedMeTests.swift */; };
		27B9FAEA1B9A6EBB00701AC6 /* FBSDKCoreKit.framework in Frameworks */ = {isa = PBXBuildFile; fileRef = 27B9FAE91B9A6EBB00701AC6 /* FBSDKCoreKit.framework */; };
		27B9FAEE1B9A6EC600701AC6 /* FBSDKLoginKit.framework in Frameworks */ = {isa = PBXBuildFile; fileRef = 27B9FAEB1B9A6EC600701AC6 /* FBSDKLoginKit.framework */; };
		27B9FAEF1B9A6EC600701AC6 /* FBSDKMessengerShareKit.framework in Frameworks */ = {isa = PBXBuildFile; fileRef = 27B9FAEC1B9A6EC600701AC6 /* FBSDKMessengerShareKit.framework */; };
		27B9FAF01B9A6EC600701AC6 /* FBSDKShareKit.framework in Frameworks */ = {isa = PBXBuildFile; fileRef = 27B9FAED1B9A6EC600701AC6 /* FBSDKShareKit.framework */; };
		27B9FAF31B9A70DA00701AC6 /* Bolts.framework in Frameworks */ = {isa = PBXBuildFile; fileRef = 27B9FAF21B9A70DA00701AC6 /* Bolts.framework */; };
		CBB76EBD1B9B9E55007316B6 /* FoodComHTMLParser.swift in Sources */ = {isa = PBXBuildFile; fileRef = CBB76EBC1B9B9E55007316B6 /* FoodComHTMLParser.swift */; };
		D92925F61B9B116A00786598 /* hearticon.png in Resources */ = {isa = PBXBuildFile; fileRef = D92925F51B9B116A00786598 /* hearticon.png */; };
		D92925F81B9B117100786598 /* foodicon.png in Resources */ = {isa = PBXBuildFile; fileRef = D92925F71B9B117100786598 /* foodicon.png */; };
		D92925FA1B9B11AF00786598 /* fruiticon.png in Resources */ = {isa = PBXBuildFile; fileRef = D92925F91B9B11AF00786598 /* fruiticon.png */; };
		D92925FC1B9B12D000786598 /* logo.png in Resources */ = {isa = PBXBuildFile; fileRef = D92925FB1B9B12D000786598 /* logo.png */; };
		D92925FE1B9B276000786598 /* pointyrectangle.png in Resources */ = {isa = PBXBuildFile; fileRef = D92925FD1B9B276000786598 /* pointyrectangle.png */; };
		D92926001B9B296100786598 /* upsidedownpointyrectangle.png in Resources */ = {isa = PBXBuildFile; fileRef = D92925FF1B9B296100786598 /* upsidedownpointyrectangle.png */; };
		D92926021B9B3F2200786598 /* MyRecipesViewController.swift in Sources */ = {isa = PBXBuildFile; fileRef = D92926011B9B3F2200786598 /* MyRecipesViewController.swift */; };
		D92926041B9B4FFE00786598 /* cameraiconn.png in Resources */ = {isa = PBXBuildFile; fileRef = D92926031B9B4FFE00786598 /* cameraiconn.png */; };
		D92926061B9B517400786598 /* launch.png in Resources */ = {isa = PBXBuildFile; fileRef = D92926051B9B517400786598 /* launch.png */; };
		D929260F1B9B691500786598 /* Images.xcassets in Resources */ = {isa = PBXBuildFile; fileRef = D929260D1B9B652C00786598 /* Images.xcassets */; };
		D92926111B9B847A00786598 /* logoo.png in Resources */ = {isa = PBXBuildFile; fileRef = D92926101B9B847A00786598 /* logoo.png */; };
		D99E371B1B9AEA7A0091C09A /* PatrickHand-Regular.ttf in Resources */ = {isa = PBXBuildFile; fileRef = D99E371A1B9AEA4E0091C09A /* PatrickHand-Regular.ttf */; };
		D99E371D1B9AF0310091C09A /* camicon.png in Resources */ = {isa = PBXBuildFile; fileRef = D99E371C1B9AF0300091C09A /* camicon.png */; };
		D99E371F1B9AF1070091C09A /* Montserrat-Bold.ttf in Resources */ = {isa = PBXBuildFile; fileRef = D99E371E1B9AF1070091C09A /* Montserrat-Bold.ttf */; };
		D9CEE4911B9A8F790010E71D /* FacebookLoginViewController.swift in Sources */ = {isa = PBXBuildFile; fileRef = D9CEE4901B9A8F790010E71D /* FacebookLoginViewController.swift */; };
/* End PBXBuildFile section */

/* Begin PBXContainerItemProxy section */
		27B9FAD81B9A69DD00701AC6 /* PBXContainerItemProxy */ = {
			isa = PBXContainerItemProxy;
			containerPortal = 27B9FAB71B9A69DD00701AC6 /* Project object */;
			proxyType = 1;
			remoteGlobalIDString = 27B9FABE1B9A69DD00701AC6;
			remoteInfo = FeedMe;
		};
/* End PBXContainerItemProxy section */

/* Begin PBXFileReference section */
		274ED2D11B9A827000B279AC /* HomeViewController.swift */ = {isa = PBXFileReference; fileEncoding = 4; lastKnownFileType = sourcecode.swift; name = HomeViewController.swift; path = ../HomeViewController.swift; sourceTree = "<group>"; };
		27A64B681B9AF71D002E90F8 /* FeedMeTabBarControllerViewController.swift */ = {isa = PBXFileReference; fileEncoding = 4; lastKnownFileType = sourcecode.swift; path = FeedMeTabBarControllerViewController.swift; sourceTree = "<group>"; };
		27A64B6A1B9AF8C5002E90F8 /* rectangle.png */ = {isa = PBXFileReference; lastKnownFileType = image.png; path = rectangle.png; sourceTree = "<group>"; };
		27A64B6B1B9AF8C5002E90F8 /* tinyfeedme.png */ = {isa = PBXFileReference; lastKnownFileType = image.png; path = tinyfeedme.png; sourceTree = "<group>"; };
		27A64B6E1B9AFDC6002E90F8 /* NoIngredientsView.swift */ = {isa = PBXFileReference; fileEncoding = 4; lastKnownFileType = sourcecode.swift; path = NoIngredientsView.swift; sourceTree = "<group>"; };
		27A64B701B9AFDE3002E90F8 /* NoIngredientsView.xib */ = {isa = PBXFileReference; fileEncoding = 4; lastKnownFileType = file.xib; path = NoIngredientsView.xib; sourceTree = "<group>"; };
		27A64B721B9AFE0E002E90F8 /* RecipeView.swift */ = {isa = PBXFileReference; fileEncoding = 4; lastKnownFileType = sourcecode.swift; path = RecipeView.swift; sourceTree = "<group>"; };
		27A64B741B9AFE1C002E90F8 /* RecipeView.xib */ = {isa = PBXFileReference; fileEncoding = 4; lastKnownFileType = file.xib; path = RecipeView.xib; sourceTree = "<group>"; };
		27A64B7A1B9B0500002E90F8 /* Server.swift */ = {isa = PBXFileReference; fileEncoding = 4; lastKnownFileType = sourcecode.swift; path = Server.swift; sourceTree = "<group>"; };
		27A64B7C1B9B054A002E90F8 /* User.swift */ = {isa = PBXFileReference; fileEncoding = 4; lastKnownFileType = sourcecode.swift; path = User.swift; sourceTree = "<group>"; };
		27ADFFE01B9B3E73005691CA /* CapturePhotoViewController.swift */ = {isa = PBXFileReference; fileEncoding = 4; lastKnownFileType = sourcecode.swift; path = CapturePhotoViewController.swift; sourceTree = "<group>"; };
		27ADFFE21B9B599D005691CA /* QuartzCore.framework */ = {isa = PBXFileReference; lastKnownFileType = wrapper.framework; name = QuartzCore.framework; path = System/Library/Frameworks/QuartzCore.framework; sourceTree = SDKROOT; };
		27B934F11B9AA8A7004CDCB7 /* Food.swift */ = {isa = PBXFileReference; fileEncoding = 4; lastKnownFileType = sourcecode.swift; path = Food.swift; sourceTree = "<group>"; };
		27B934F41B9AAA2D004CDCB7 /* Recipe.swift */ = {isa = PBXFileReference; fileEncoding = 4; lastKnownFileType = sourcecode.swift; path = Recipe.swift; sourceTree = "<group>"; };
		27B934F61B9AB1D3004CDCB7 /* ImageProcessingViewController.swift */ = {isa = PBXFileReference; fileEncoding = 4; lastKnownFileType = sourcecode.swift; path = ImageProcessingViewController.swift; sourceTree = "<group>"; };
		27B9FABF1B9A69DD00701AC6 /* FeedMe.app */ = {isa = PBXFileReference; explicitFileType = wrapper.application; includeInIndex = 0; path = FeedMe.app; sourceTree = BUILT_PRODUCTS_DIR; };
		27B9FAC31B9A69DD00701AC6 /* Info.plist */ = {isa = PBXFileReference; lastKnownFileType = text.plist.xml; path = Info.plist; sourceTree = "<group>"; };
		27B9FAC41B9A69DD00701AC6 /* AppDelegate.swift */ = {isa = PBXFileReference; lastKnownFileType = sourcecode.swift; path = AppDelegate.swift; sourceTree = "<group>"; };
		27B9FAC71B9A69DD00701AC6 /* FeedMe.xcdatamodel */ = {isa = PBXFileReference; lastKnownFileType = wrapper.xcdatamodel; path = FeedMe.xcdatamodel; sourceTree = "<group>"; };
		27B9FACC1B9A69DD00701AC6 /* Base */ = {isa = PBXFileReference; lastKnownFileType = file.storyboard; name = Base; path = Base.lproj/Main.storyboard; sourceTree = "<group>"; };
		27B9FAD11B9A69DD00701AC6 /* Base */ = {isa = PBXFileReference; lastKnownFileType = file.xib; name = Base; path = Base.lproj/LaunchScreen.xib; sourceTree = "<group>"; };
		27B9FAD71B9A69DD00701AC6 /* FeedMeTests.xctest */ = {isa = PBXFileReference; explicitFileType = wrapper.cfbundle; includeInIndex = 0; path = FeedMeTests.xctest; sourceTree = BUILT_PRODUCTS_DIR; };
		27B9FADC1B9A69DD00701AC6 /* Info.plist */ = {isa = PBXFileReference; lastKnownFileType = text.plist.xml; path = Info.plist; sourceTree = "<group>"; };
		27B9FADD1B9A69DD00701AC6 /* FeedMeTests.swift */ = {isa = PBXFileReference; lastKnownFileType = sourcecode.swift; path = FeedMeTests.swift; sourceTree = "<group>"; };
		27B9FAE91B9A6EBB00701AC6 /* FBSDKCoreKit.framework */ = {isa = PBXFileReference; lastKnownFileType = wrapper.framework; path = FBSDKCoreKit.framework; sourceTree = "<group>"; };
		27B9FAEB1B9A6EC600701AC6 /* FBSDKLoginKit.framework */ = {isa = PBXFileReference; lastKnownFileType = wrapper.framework; path = FBSDKLoginKit.framework; sourceTree = "<group>"; };
		27B9FAEC1B9A6EC600701AC6 /* FBSDKMessengerShareKit.framework */ = {isa = PBXFileReference; lastKnownFileType = wrapper.framework; path = FBSDKMessengerShareKit.framework; sourceTree = "<group>"; };
		27B9FAED1B9A6EC600701AC6 /* FBSDKShareKit.framework */ = {isa = PBXFileReference; lastKnownFileType = wrapper.framework; path = FBSDKShareKit.framework; sourceTree = "<group>"; };
		27B9FAF11B9A6F3200701AC6 /* Bridging-Header.h */ = {isa = PBXFileReference; lastKnownFileType = sourcecode.c.h; name = "Bridging-Header.h"; path = "../Bridging-Header.h"; sourceTree = "<group>"; };
		27B9FAF21B9A70DA00701AC6 /* Bolts.framework */ = {isa = PBXFileReference; lastKnownFileType = wrapper.framework; path = Bolts.framework; sourceTree = "<group>"; };
		CBB76EBC1B9B9E55007316B6 /* FoodComHTMLParser.swift */ = {isa = PBXFileReference; fileEncoding = 4; lastKnownFileType = sourcecode.swift; path = FoodComHTMLParser.swift; sourceTree = "<group>"; };
		D92925F51B9B116A00786598 /* hearticon.png */ = {isa = PBXFileReference; lastKnownFileType = image.png; path = hearticon.png; sourceTree = "<group>"; };
		D92925F71B9B117100786598 /* foodicon.png */ = {isa = PBXFileReference; lastKnownFileType = image.png; path = foodicon.png; sourceTree = "<group>"; };
		D92925F91B9B11AF00786598 /* fruiticon.png */ = {isa = PBXFileReference; lastKnownFileType = image.png; path = fruiticon.png; sourceTree = "<group>"; };
		D92925FB1B9B12D000786598 /* logo.png */ = {isa = PBXFileReference; lastKnownFileType = image.png; path = logo.png; sourceTree = "<group>"; };
		D92925FD1B9B276000786598 /* pointyrectangle.png */ = {isa = PBXFileReference; lastKnownFileType = image.png; path = pointyrectangle.png; sourceTree = "<group>"; };
		D92925FF1B9B296100786598 /* upsidedownpointyrectangle.png */ = {isa = PBXFileReference; lastKnownFileType = image.png; path = upsidedownpointyrectangle.png; sourceTree = "<group>"; };
		D92926011B9B3F2200786598 /* MyRecipesViewController.swift */ = {isa = PBXFileReference; fileEncoding = 4; lastKnownFileType = sourcecode.swift; path = MyRecipesViewController.swift; sourceTree = "<group>"; };
		D92926031B9B4FFE00786598 /* cameraiconn.png */ = {isa = PBXFileReference; lastKnownFileType = image.png; path = cameraiconn.png; sourceTree = "<group>"; };
		D92926051B9B517400786598 /* launch.png */ = {isa = PBXFileReference; lastKnownFileType = image.png; path = launch.png; sourceTree = "<group>"; };
		D929260D1B9B652C00786598 /* Images.xcassets */ = {isa = PBXFileReference; lastKnownFileType = folder.assetcatalog; name = Images.xcassets; path = ../Images.xcassets; sourceTree = "<group>"; };
		D92926101B9B847A00786598 /* logoo.png */ = {isa = PBXFileReference; lastKnownFileType = image.png; path = logoo.png; sourceTree = "<group>"; };
		D99E371A1B9AEA4E0091C09A /* PatrickHand-Regular.ttf */ = {isa = PBXFileReference; lastKnownFileType = file; path = "PatrickHand-Regular.ttf"; sourceTree = "<group>"; };
		D99E371C1B9AF0300091C09A /* camicon.png */ = {isa = PBXFileReference; lastKnownFileType = image.png; path = camicon.png; sourceTree = "<group>"; };
		D99E371E1B9AF1070091C09A /* Montserrat-Bold.ttf */ = {isa = PBXFileReference; lastKnownFileType = file; path = "Montserrat-Bold.ttf"; sourceTree = "<group>"; };
		D9CEE4901B9A8F790010E71D /* FacebookLoginViewController.swift */ = {isa = PBXFileReference; fileEncoding = 4; lastKnownFileType = sourcecode.swift; path = FacebookLoginViewController.swift; sourceTree = "<group>"; };
/* End PBXFileReference section */

/* Begin PBXFrameworksBuildPhase section */
		27B9FABC1B9A69DD00701AC6 /* Frameworks */ = {
			isa = PBXFrameworksBuildPhase;
			buildActionMask = 2147483647;
			files = (
				27ADFFE31B9B599D005691CA /* QuartzCore.framework in Frameworks */,
				27B9FAF31B9A70DA00701AC6 /* Bolts.framework in Frameworks */,
				27B9FAF01B9A6EC600701AC6 /* FBSDKShareKit.framework in Frameworks */,
				27B9FAEE1B9A6EC600701AC6 /* FBSDKLoginKit.framework in Frameworks */,
				27B9FAEF1B9A6EC600701AC6 /* FBSDKMessengerShareKit.framework in Frameworks */,
				27B9FAEA1B9A6EBB00701AC6 /* FBSDKCoreKit.framework in Frameworks */,
			);
			runOnlyForDeploymentPostprocessing = 0;
		};
		27B9FAD41B9A69DD00701AC6 /* Frameworks */ = {
			isa = PBXFrameworksBuildPhase;
			buildActionMask = 2147483647;
			files = (
			);
			runOnlyForDeploymentPostprocessing = 0;
		};
/* End PBXFrameworksBuildPhase section */

/* Begin PBXGroup section */
		27A64B761B9AFE6C002E90F8 /* NoIngredientsView */ = {
			isa = PBXGroup;
			children = (
				27A64B6E1B9AFDC6002E90F8 /* NoIngredientsView.swift */,
				27A64B701B9AFDE3002E90F8 /* NoIngredientsView.xib */,
			);
			name = NoIngredientsView;
			sourceTree = "<group>";
		};
		27A64B781B9AFE8E002E90F8 /* RecipeView */ = {
			isa = PBXGroup;
			children = (
				27A64B721B9AFE0E002E90F8 /* RecipeView.swift */,
				27A64B741B9AFE1C002E90F8 /* RecipeView.xib */,
			);
			name = RecipeView;
			sourceTree = "<group>";
		};
		27A64B791B9AFEA0002E90F8 /* images */ = {
			isa = PBXGroup;
			children = (
				D92926101B9B847A00786598 /* logoo.png */,
				D92925FB1B9B12D000786598 /* logo.png */,
				D92925F91B9B11AF00786598 /* fruiticon.png */,
				D92925FF1B9B296100786598 /* upsidedownpointyrectangle.png */,
				D92926051B9B517400786598 /* launch.png */,
				D92925F71B9B117100786598 /* foodicon.png */,
				D92925F51B9B116A00786598 /* hearticon.png */,
				D92926031B9B4FFE00786598 /* cameraiconn.png */,
				D99E371C1B9AF0300091C09A /* camicon.png */,
				D92925FD1B9B276000786598 /* pointyrectangle.png */,
				27A64B6A1B9AF8C5002E90F8 /* rectangle.png */,
				27A64B6B1B9AF8C5002E90F8 /* tinyfeedme.png */,
			);
			name = images;
			sourceTree = "<group>";
		};
		27B934F31B9AA8AC004CDCB7 /* FeedMe Data Structures */ = {
			isa = PBXGroup;
			children = (
				27B934F11B9AA8A7004CDCB7 /* Food.swift */,
				27B934F41B9AAA2D004CDCB7 /* Recipe.swift */,
				27A64B7C1B9B054A002E90F8 /* User.swift */,
			);
			name = "FeedMe Data Structures";
			sourceTree = "<group>";
		};
		27B9FAB61B9A69DD00701AC6 = {
			isa = PBXGroup;
			children = (
				27ADFFE21B9B599D005691CA /* QuartzCore.framework */,
				27B9FAF21B9A70DA00701AC6 /* Bolts.framework */,
				27B9FAEB1B9A6EC600701AC6 /* FBSDKLoginKit.framework */,
				27B9FAEC1B9A6EC600701AC6 /* FBSDKMessengerShareKit.framework */,
				27B9FAED1B9A6EC600701AC6 /* FBSDKShareKit.framework */,
				27B9FAE91B9A6EBB00701AC6 /* FBSDKCoreKit.framework */,
				27B9FAC11B9A69DD00701AC6 /* FeedMe */,
				27B9FADA1B9A69DD00701AC6 /* FeedMeTests */,
				27B9FAC01B9A69DD00701AC6 /* Products */,
			);
			sourceTree = "<group>";
		};
		27B9FAC01B9A69DD00701AC6 /* Products */ = {
			isa = PBXGroup;
			children = (
				27B9FABF1B9A69DD00701AC6 /* FeedMe.app */,
				27B9FAD71B9A69DD00701AC6 /* FeedMeTests.xctest */,
			);
			name = Products;
			sourceTree = "<group>";
		};
		27B9FAC11B9A69DD00701AC6 /* FeedMe */ = {
			isa = PBXGroup;
			children = (
				27B9FAF11B9A6F3200701AC6 /* Bridging-Header.h */,
				27B9FAC41B9A69DD00701AC6 /* AppDelegate.swift */,
				27A64B681B9AF71D002E90F8 /* FeedMeTabBarControllerViewController.swift */,
				27B934F31B9AA8AC004CDCB7 /* FeedMe Data Structures */,
				274ED2D11B9A827000B279AC /* HomeViewController.swift */,
				27ADFFE01B9B3E73005691CA /* CapturePhotoViewController.swift */,
				D9CEE4901B9A8F790010E71D /* FacebookLoginViewController.swift */,
				27B934F61B9AB1D3004CDCB7 /* ImageProcessingViewController.swift */,
				27B9FACB1B9A69DD00701AC6 /* Main.storyboard */,
				D92926011B9B3F2200786598 /* MyRecipesViewController.swift */,
				27A64B7A1B9B0500002E90F8 /* Server.swift */,
				27A64B761B9AFE6C002E90F8 /* NoIngredientsView */,
				27A64B781B9AFE8E002E90F8 /* RecipeView */,
				27A64B791B9AFEA0002E90F8 /* images */,
				27B9FAD01B9A69DD00701AC6 /* LaunchScreen.xib */,
				D929260D1B9B652C00786598 /* Images.xcassets */,
				27B9FAC61B9A69DD00701AC6 /* FeedMe.xcdatamodeld */,
				27B9FAC21B9A69DD00701AC6 /* Supporting Files */,
				D99E371A1B9AEA4E0091C09A /* PatrickHand-Regular.ttf */,
				CBB76EBC1B9B9E55007316B6 /* FoodComHTMLParser.swift */,
			);
			path = FeedMe;
			sourceTree = "<group>";
		};
		27B9FAC21B9A69DD00701AC6 /* Supporting Files */ = {
			isa = PBXGroup;
			children = (
				27B9FAC31B9A69DD00701AC6 /* Info.plist */,
				D99E371E1B9AF1070091C09A /* Montserrat-Bold.ttf */,
			);
			name = "Supporting Files";
			sourceTree = "<group>";
		};
		27B9FADA1B9A69DD00701AC6 /* FeedMeTests */ = {
			isa = PBXGroup;
			children = (
				27B9FADD1B9A69DD00701AC6 /* FeedMeTests.swift */,
				27B9FADB1B9A69DD00701AC6 /* Supporting Files */,
			);
			path = FeedMeTests;
			sourceTree = "<group>";
		};
		27B9FADB1B9A69DD00701AC6 /* Supporting Files */ = {
			isa = PBXGroup;
			children = (
				27B9FADC1B9A69DD00701AC6 /* Info.plist */,
			);
			name = "Supporting Files";
			sourceTree = "<group>";
		};
/* End PBXGroup section */

/* Begin PBXNativeTarget section */
		27B9FABE1B9A69DD00701AC6 /* FeedMe */ = {
			isa = PBXNativeTarget;
			buildConfigurationList = 27B9FAE11B9A69DD00701AC6 /* Build configuration list for PBXNativeTarget "FeedMe" */;
			buildPhases = (
				27B9FABB1B9A69DD00701AC6 /* Sources */,
				27B9FABC1B9A69DD00701AC6 /* Frameworks */,
				27B9FABD1B9A69DD00701AC6 /* Resources */,
			);
			buildRules = (
			);
			dependencies = (
			);
			name = FeedMe;
			productName = FeedMe;
			productReference = 27B9FABF1B9A69DD00701AC6 /* FeedMe.app */;
			productType = "com.apple.product-type.application";
		};
		27B9FAD61B9A69DD00701AC6 /* FeedMeTests */ = {
			isa = PBXNativeTarget;
			buildConfigurationList = 27B9FAE41B9A69DD00701AC6 /* Build configuration list for PBXNativeTarget "FeedMeTests" */;
			buildPhases = (
				27B9FAD31B9A69DD00701AC6 /* Sources */,
				27B9FAD41B9A69DD00701AC6 /* Frameworks */,
				27B9FAD51B9A69DD00701AC6 /* Resources */,
			);
			buildRules = (
			);
			dependencies = (
				27B9FAD91B9A69DD00701AC6 /* PBXTargetDependency */,
			);
			name = FeedMeTests;
			productName = FeedMeTests;
			productReference = 27B9FAD71B9A69DD00701AC6 /* FeedMeTests.xctest */;
			productType = "com.apple.product-type.bundle.unit-test";
		};
/* End PBXNativeTarget section */

/* Begin PBXProject section */
		27B9FAB71B9A69DD00701AC6 /* Project object */ = {
			isa = PBXProject;
			attributes = {
				LastUpgradeCheck = 0620;
				ORGANIZATIONNAME = woosufjordaline;
				TargetAttributes = {
					27B9FABE1B9A69DD00701AC6 = {
						CreatedOnToolsVersion = 6.2;
						DevelopmentTeam = MCE3J42D83;
					};
					27B9FAD61B9A69DD00701AC6 = {
						CreatedOnToolsVersion = 6.2;
						TestTargetID = 27B9FABE1B9A69DD00701AC6;
					};
				};
			};
			buildConfigurationList = 27B9FABA1B9A69DD00701AC6 /* Build configuration list for PBXProject "FeedMe" */;
			compatibilityVersion = "Xcode 3.2";
			developmentRegion = English;
			hasScannedForEncodings = 0;
			knownRegions = (
				en,
				Base,
			);
			mainGroup = 27B9FAB61B9A69DD00701AC6;
			productRefGroup = 27B9FAC01B9A69DD00701AC6 /* Products */;
			projectDirPath = "";
			projectRoot = "";
			targets = (
				27B9FABE1B9A69DD00701AC6 /* FeedMe */,
				27B9FAD61B9A69DD00701AC6 /* FeedMeTests */,
			);
		};
/* End PBXProject section */

/* Begin PBXResourcesBuildPhase section */
		27B9FABD1B9A69DD00701AC6 /* Resources */ = {
			isa = PBXResourcesBuildPhase;
			buildActionMask = 2147483647;
			files = (
				D99E371B1B9AEA7A0091C09A /* PatrickHand-Regular.ttf in Resources */,
				27B9FACD1B9A69DD00701AC6 /* Main.storyboard in Resources */,
				27A64B751B9AFE1C002E90F8 /* RecipeView.xib in Resources */,
				D92926041B9B4FFE00786598 /* cameraiconn.png in Resources */,
				D99E371F1B9AF1070091C09A /* Montserrat-Bold.ttf in Resources */,
				D92925FC1B9B12D000786598 /* logo.png in Resources */,
				D92926111B9B847A00786598 /* logoo.png in Resources */,
				D92925FA1B9B11AF00786598 /* fruiticon.png in Resources */,
				27A64B6D1B9AF8C5002E90F8 /* tinyfeedme.png in Resources */,
				D92925F61B9B116A00786598 /* hearticon.png in Resources */,
				D929260F1B9B691500786598 /* Images.xcassets in Resources */,
				27B9FAD21B9A69DD00701AC6 /* LaunchScreen.xib in Resources */,
				27A64B711B9AFDE3002E90F8 /* NoIngredientsView.xib in Resources */,
				D92926001B9B296100786598 /* upsidedownpointyrectangle.png in Resources */,
				D92926061B9B517400786598 /* launch.png in Resources */,
				D92925F81B9B117100786598 /* foodicon.png in Resources */,
				27A64B6C1B9AF8C5002E90F8 /* rectangle.png in Resources */,
				D92925FE1B9B276000786598 /* pointyrectangle.png in Resources */,
				D99E371D1B9AF0310091C09A /* camicon.png in Resources */,
			);
			runOnlyForDeploymentPostprocessing = 0;
		};
		27B9FAD51B9A69DD00701AC6 /* Resources */ = {
			isa = PBXResourcesBuildPhase;
			buildActionMask = 2147483647;
			files = (
			);
			runOnlyForDeploymentPostprocessing = 0;
		};
/* End PBXResourcesBuildPhase section */

/* Begin PBXSourcesBuildPhase section */
		27B9FABB1B9A69DD00701AC6 /* Sources */ = {
			isa = PBXSourcesBuildPhase;
			buildActionMask = 2147483647;
			files = (
				CBB76EBD1B9B9E55007316B6 /* FoodComHTMLParser.swift in Sources */,
				27B9FAC51B9A69DD00701AC6 /* AppDelegate.swift in Sources */,
				27B934F51B9AAA2D004CDCB7 /* Recipe.swift in Sources */,
				27A64B691B9AF71D002E90F8 /* FeedMeTabBarControllerViewController.swift in Sources */,
				D9CEE4911B9A8F790010E71D /* FacebookLoginViewController.swift in Sources */,
				27A64B731B9AFE0E002E90F8 /* RecipeView.swift in Sources */,
				27ADFFE11B9B3E73005691CA /* CapturePhotoViewController.swift in Sources */,
				27B9FAC81B9A69DD00701AC6 /* FeedMe.xcdatamodeld in Sources */,
				27A64B7B1B9B0500002E90F8 /* Server.swift in Sources */,
				D92926021B9B3F2200786598 /* MyRecipesViewController.swift in Sources */,
				27A64B6F1B9AFDC6002E90F8 /* NoIngredientsView.swift in Sources */,
				27A64B7D1B9B054A002E90F8 /* User.swift in Sources */,
				27B934F71B9AB1D3004CDCB7 /* ImageProcessingViewController.swift in Sources */,
				274ED2D21B9A827000B279AC /* HomeViewController.swift in Sources */,
				27B934F21B9AA8A7004CDCB7 /* Food.swift in Sources */,
			);
			runOnlyForDeploymentPostprocessing = 0;
		};
		27B9FAD31B9A69DD00701AC6 /* Sources */ = {
			isa = PBXSourcesBuildPhase;
			buildActionMask = 2147483647;
			files = (
				27B9FADE1B9A69DD00701AC6 /* FeedMeTests.swift in Sources */,
			);
			runOnlyForDeploymentPostprocessing = 0;
		};
/* End PBXSourcesBuildPhase section */

/* Begin PBXTargetDependency section */
		27B9FAD91B9A69DD00701AC6 /* PBXTargetDependency */ = {
			isa = PBXTargetDependency;
			target = 27B9FABE1B9A69DD00701AC6 /* FeedMe */;
			targetProxy = 27B9FAD81B9A69DD00701AC6 /* PBXContainerItemProxy */;
		};
/* End PBXTargetDependency section */

/* Begin PBXVariantGroup section */
		27B9FACB1B9A69DD00701AC6 /* Main.storyboard */ = {
			isa = PBXVariantGroup;
			children = (
				27B9FACC1B9A69DD00701AC6 /* Base */,
			);
			name = Main.storyboard;
			sourceTree = "<group>";
		};
		27B9FAD01B9A69DD00701AC6 /* LaunchScreen.xib */ = {
			isa = PBXVariantGroup;
			children = (
				27B9FAD11B9A69DD00701AC6 /* Base */,
			);
			name = LaunchScreen.xib;
			sourceTree = "<group>";
		};
/* End PBXVariantGroup section */

/* Begin XCBuildConfiguration section */
		27B9FADF1B9A69DD00701AC6 /* Debug */ = {
			isa = XCBuildConfiguration;
			buildSettings = {
				ALWAYS_SEARCH_USER_PATHS = NO;
				CLANG_CXX_LANGUAGE_STANDARD = "gnu++0x";
				CLANG_CXX_LIBRARY = "libc++";
				CLANG_ENABLE_MODULES = YES;
				CLANG_ENABLE_OBJC_ARC = YES;
				CLANG_WARN_BOOL_CONVERSION = YES;
				CLANG_WARN_CONSTANT_CONVERSION = YES;
				CLANG_WARN_DIRECT_OBJC_ISA_USAGE = YES_ERROR;
				CLANG_WARN_EMPTY_BODY = YES;
				CLANG_WARN_ENUM_CONVERSION = YES;
				CLANG_WARN_INT_CONVERSION = YES;
				CLANG_WARN_OBJC_ROOT_CLASS = YES_ERROR;
				CLANG_WARN_UNREACHABLE_CODE = YES;
				CLANG_WARN__DUPLICATE_METHOD_MATCH = YES;
				"CODE_SIGN_IDENTITY[sdk=iphoneos*]" = "iPhone Developer";
				COPY_PHASE_STRIP = NO;
				ENABLE_STRICT_OBJC_MSGSEND = YES;
				GCC_C_LANGUAGE_STANDARD = gnu99;
				GCC_DYNAMIC_NO_PIC = NO;
				GCC_OPTIMIZATION_LEVEL = 0;
				GCC_PREPROCESSOR_DEFINITIONS = (
					"DEBUG=1",
					"$(inherited)",
				);
				GCC_SYMBOLS_PRIVATE_EXTERN = NO;
				GCC_WARN_64_TO_32_BIT_CONVERSION = YES;
				GCC_WARN_ABOUT_RETURN_TYPE = YES_ERROR;
				GCC_WARN_UNDECLARED_SELECTOR = YES;
				GCC_WARN_UNINITIALIZED_AUTOS = YES_AGGRESSIVE;
				GCC_WARN_UNUSED_FUNCTION = YES;
				GCC_WARN_UNUSED_VARIABLE = YES;
				IPHONEOS_DEPLOYMENT_TARGET = 8.2;
				MTL_ENABLE_DEBUG_INFO = YES;
				ONLY_ACTIVE_ARCH = YES;
				SDKROOT = iphoneos;
				SWIFT_OPTIMIZATION_LEVEL = "-Onone";
			};
			name = Debug;
		};
		27B9FAE01B9A69DD00701AC6 /* Release */ = {
			isa = XCBuildConfiguration;
			buildSettings = {
				ALWAYS_SEARCH_USER_PATHS = NO;
				CLANG_CXX_LANGUAGE_STANDARD = "gnu++0x";
				CLANG_CXX_LIBRARY = "libc++";
				CLANG_ENABLE_MODULES = YES;
				CLANG_ENABLE_OBJC_ARC = YES;
				CLANG_WARN_BOOL_CONVERSION = YES;
				CLANG_WARN_CONSTANT_CONVERSION = YES;
				CLANG_WARN_DIRECT_OBJC_ISA_USAGE = YES_ERROR;
				CLANG_WARN_EMPTY_BODY = YES;
				CLANG_WARN_ENUM_CONVERSION = YES;
				CLANG_WARN_INT_CONVERSION = YES;
				CLANG_WARN_OBJC_ROOT_CLASS = YES_ERROR;
				CLANG_WARN_UNREACHABLE_CODE = YES;
				CLANG_WARN__DUPLICATE_METHOD_MATCH = YES;
				"CODE_SIGN_IDENTITY[sdk=iphoneos*]" = "iPhone Developer";
				COPY_PHASE_STRIP = NO;
				ENABLE_NS_ASSERTIONS = NO;
				ENABLE_STRICT_OBJC_MSGSEND = YES;
				GCC_C_LANGUAGE_STANDARD = gnu99;
				GCC_WARN_64_TO_32_BIT_CONVERSION = YES;
				GCC_WARN_ABOUT_RETURN_TYPE = YES_ERROR;
				GCC_WARN_UNDECLARED_SELECTOR = YES;
				GCC_WARN_UNINITIALIZED_AUTOS = YES_AGGRESSIVE;
				GCC_WARN_UNUSED_FUNCTION = YES;
				GCC_WARN_UNUSED_VARIABLE = YES;
				IPHONEOS_DEPLOYMENT_TARGET = 8.2;
				MTL_ENABLE_DEBUG_INFO = NO;
				SDKROOT = iphoneos;
				VALIDATE_PRODUCT = YES;
			};
			name = Release;
		};
		27B9FAE21B9A69DD00701AC6 /* Debug */ = {
			isa = XCBuildConfiguration;
			buildSettings = {
				ASSETCATALOG_COMPILER_APPICON_NAME = AppIcon;
				CODE_SIGN_IDENTITY = "iPhone Developer";
				"CODE_SIGN_IDENTITY[sdk=iphoneos*]" = "iPhone Developer";
				FRAMEWORK_SEARCH_PATHS = (
					"$(inherited)",
					"$(PROJECT_DIR)",
				);
				INFOPLIST_FILE = FeedMe/Info.plist;
				LD_RUNPATH_SEARCH_PATHS = "$(inherited) @executable_path/Frameworks";
				PRODUCT_NAME = "$(TARGET_NAME)";
				PROVISIONING_PROFILE = "";
				SWIFT_OBJC_BRIDGING_HEADER = "Bridging-Header.h";
			};
			name = Debug;
		};
		27B9FAE31B9A69DD00701AC6 /* Release */ = {
			isa = XCBuildConfiguration;
			buildSettings = {
				ASSETCATALOG_COMPILER_APPICON_NAME = AppIcon;
				CODE_SIGN_IDENTITY = "iPhone Developer";
				"CODE_SIGN_IDENTITY[sdk=iphoneos*]" = "iPhone Developer";
				FRAMEWORK_SEARCH_PATHS = (
					"$(inherited)",
					"$(PROJECT_DIR)",
				);
				INFOPLIST_FILE = FeedMe/Info.plist;
				LD_RUNPATH_SEARCH_PATHS = "$(inherited) @executable_path/Frameworks";
				PRODUCT_NAME = "$(TARGET_NAME)";
				PROVISIONING_PROFILE = "";
				SWIFT_OBJC_BRIDGING_HEADER = "Bridging-Header.h";
			};
			name = Release;
		};
		27B9FAE51B9A69DD00701AC6 /* Debug */ = {
			isa = XCBuildConfiguration;
			buildSettings = {
				BUNDLE_LOADER = "$(TEST_HOST)";
				FRAMEWORK_SEARCH_PATHS = (
					"$(SDKROOT)/Developer/Library/Frameworks",
					"$(inherited)",
				);
				GCC_PREPROCESSOR_DEFINITIONS = (
					"DEBUG=1",
					"$(inherited)",
				);
				INFOPLIST_FILE = FeedMeTests/Info.plist;
				LD_RUNPATH_SEARCH_PATHS = "$(inherited) @executable_path/Frameworks @loader_path/Frameworks";
				PRODUCT_NAME = "$(TARGET_NAME)";
				TEST_HOST = "$(BUILT_PRODUCTS_DIR)/FeedMe.app/FeedMe";
			};
			name = Debug;
		};
		27B9FAE61B9A69DD00701AC6 /* Release */ = {
			isa = XCBuildConfiguration;
			buildSettings = {
				BUNDLE_LOADER = "$(TEST_HOST)";
				FRAMEWORK_SEARCH_PATHS = (
					"$(SDKROOT)/Developer/Library/Frameworks",
					"$(inherited)",
				);
				INFOPLIST_FILE = FeedMeTests/Info.plist;
				LD_RUNPATH_SEARCH_PATHS = "$(inherited) @executable_path/Frameworks @loader_path/Frameworks";
				PRODUCT_NAME = "$(TARGET_NAME)";
				TEST_HOST = "$(BUILT_PRODUCTS_DIR)/FeedMe.app/FeedMe";
			};
			name = Release;
		};
/* End XCBuildConfiguration section */

/* Begin XCConfigurationList section */
		27B9FABA1B9A69DD00701AC6 /* Build configuration list for PBXProject "FeedMe" */ = {
			isa = XCConfigurationList;
			buildConfigurations = (
				27B9FADF1B9A69DD00701AC6 /* Debug */,
				27B9FAE01B9A69DD00701AC6 /* Release */,
			);
			defaultConfigurationIsVisible = 0;
			defaultConfigurationName = Release;
		};
		27B9FAE11B9A69DD00701AC6 /* Build configuration list for PBXNativeTarget "FeedMe" */ = {
			isa = XCConfigurationList;
			buildConfigurations = (
				27B9FAE21B9A69DD00701AC6 /* Debug */,
				27B9FAE31B9A69DD00701AC6 /* Release */,
			);
			defaultConfigurationIsVisible = 0;
			defaultConfigurationName = Release;
		};
		27B9FAE41B9A69DD00701AC6 /* Build configuration list for PBXNativeTarget "FeedMeTests" */ = {
			isa = XCConfigurationList;
			buildConfigurations = (
				27B9FAE51B9A69DD00701AC6 /* Debug */,
				27B9FAE61B9A69DD00701AC6 /* Release */,
			);
			defaultConfigurationIsVisible = 0;
			defaultConfigurationName = Release;
		};
/* End XCConfigurationList section */

/* Begin XCVersionGroup section */
		27B9FAC61B9A69DD00701AC6 /* FeedMe.xcdatamodeld */ = {
			isa = XCVersionGroup;
			children = (
				27B9FAC71B9A69DD00701AC6 /* FeedMe.xcdatamodel */,
			);
			currentVersion = 27B9FAC71B9A69DD00701AC6 /* FeedMe.xcdatamodel */;
			path = FeedMe.xcdatamodeld;
			sourceTree = "<group>";
			versionGroupType = wrapper.xcdatamodel;
		};
/* End XCVersionGroup section */
	};
	rootObject = 27B9FAB71B9A69DD00701AC6 /* Project object */;
}
